
Microsoft Visual Studio Solution File, Format Version 12.00
# Visual Studio Version 17
VisualStudioVersion = 17.0.31903.59
MinimumVisualStudioVersion = 10.0.40219.1
Project("{FAE04EC0-301F-11D3-BF4B-00C04F79EFBC}") = "p01-hola-mundo", "p01-hola-mundo\p01-hola-mundo.csproj", "{AA949371-EB09-4F80-BF77-15ADD9C9E1DD}"
EndProject
Project("{FAE04EC0-301F-11D3-BF4B-00C04F79EFBC}") = "p02-pizzeria", "p02-pizzeria\p02-pizzeria.csproj", "{D5BD603F-348D-4260-9E87-B50B08DA32F6}"
EndProject
Global
	GlobalSection(SolutionConfigurationPlatforms) = preSolution
		Debug|Any CPU = Debug|Any CPU
		Release|Any CPU = Release|Any CPU
	EndGlobalSection
	GlobalSection(ProjectConfigurationPlatforms) = postSolution
		{AA949371-EB09-4F80-BF77-15ADD9C9E1DD}.Debug|Any CPU.ActiveCfg = Debug|Any CPU
		{AA949371-EB09-4F80-BF77-15ADD9C9E1DD}.Debug|Any CPU.Build.0 = Debug|Any CPU
		{AA949371-EB09-4F80-BF77-15ADD9C9E1DD}.Release|Any CPU.ActiveCfg = Release|Any CPU
		{AA949371-EB09-4F80-BF77-15ADD9C9E1DD}.Release|Any CPU.Build.0 = Release|Any CPU
		{D5BD603F-348D-4260-9E87-B50B08DA32F6}.Debug|Any CPU.ActiveCfg = Debug|Any CPU
		{D5BD603F-348D-4260-9E87-B50B08DA32F6}.Debug|Any CPU.Build.0 = Debug|Any CPU
		{D5BD603F-348D-4260-9E87-B50B08DA32F6}.Release|Any CPU.ActiveCfg = Release|Any CPU
		{D5BD603F-348D-4260-9E87-B50B08DA32F6}.Release|Any CPU.Build.0 = Release|Any CPU
	EndGlobalSection
	GlobalSection(SolutionProperties) = preSolution
		HideSolutionNode = FALSE
	EndGlobalSection
EndGlobal
